
Microsoft Visual Studio Solution File, Format Version 12.00
# Visual Studio Version 17
VisualStudioVersion = 17.4.33403.182
MinimumVisualStudioVersion = 10.0.40219.1
Project("{FAE04EC0-301F-11D3-BF4B-00C04F79EFBC}") = "1", "1\1.csproj", "{61815B3A-D482-4479-BE9B-CF74573E18F8}"
EndProject
Global
	GlobalSection(SolutionConfigurationPlatforms) = preSolution
		Debug|Any CPU = Debug|Any CPU
		Release|Any CPU = Release|Any CPU
	EndGlobalSection
	GlobalSection(ProjectConfigurationPlatforms) = postSolution
		{61815B3A-D482-4479-BE9B-CF74573E18F8}.Debug|Any CPU.ActiveCfg = Debug|Any CPU
		{61815B3A-D482-4479-BE9B-CF74573E18F8}.Debug|Any CPU.Build.0 = Debug|Any CPU
		{61815B3A-D482-4479-BE9B-CF74573E18F8}.Release|Any CPU.ActiveCfg = Release|Any CPU
		{61815B3A-D482-4479-BE9B-CF74573E18F8}.Release|Any CPU.Build.0 = Release|Any CPU
	EndGlobalSection
	GlobalSection(SolutionProperties) = preSolution
		HideSolutionNode = FALSE
	EndGlobalSection
	GlobalSection(ExtensibilityGlobals) = postSolution
		SolutionGuid = {F3A4476D-8FFD-48A0-862C-379325F9B078}
	EndGlobalSection
EndGlobal
